
Microsoft Visual Studio Solution File, Format Version 11.00
# Visual Studio 2010
Project("{FAE04EC0-301F-11D3-BF4B-00C04F79EFBC}") = "Assembly-CSharp", "Assembly-CSharp.csproj", "{8ED87066-C389-094E-42C5-5ED079E289B2}"
EndProject
Project("{FAE04EC0-301F-11D3-BF4B-00C04F79EFBC}") = "Assembly-CSharp-Editor", "Assembly-CSharp-Editor.csproj", "{91601434-D60B-C055-439A-325C3CD5975E}"
EndProject
Global
	GlobalSection(SolutionConfigurationPlatforms) = preSolution
		Debug|Any CPU = Debug|Any CPU
		Release|Any CPU = Release|Any CPU
	EndGlobalSection
	GlobalSection(ProjectConfigurationPlatforms) = postSolution
		{8ED87066-C389-094E-42C5-5ED079E289B2}.Debug|Any CPU.ActiveCfg = Debug|Any CPU
		{8ED87066-C389-094E-42C5-5ED079E289B2}.Debug|Any CPU.Build.0 = Debug|Any CPU
		{8ED87066-C389-094E-42C5-5ED079E289B2}.Release|Any CPU.ActiveCfg = Release|Any CPU
		{8ED87066-C389-094E-42C5-5ED079E289B2}.Release|Any CPU.Build.0 = Release|Any CPU
		{91601434-D60B-C055-439A-325C3CD5975E}.Debug|Any CPU.ActiveCfg = Debug|Any CPU
		{91601434-D60B-C055-439A-325C3CD5975E}.Debug|Any CPU.Build.0 = Debug|Any CPU
		{91601434-D60B-C055-439A-325C3CD5975E}.Release|Any CPU.ActiveCfg = Release|Any CPU
		{91601434-D60B-C055-439A-325C3CD5975E}.Release|Any CPU.Build.0 = Release|Any CPU
	EndGlobalSection
	GlobalSection(SolutionProperties) = preSolution
		HideSolutionNode = FALSE
	EndGlobalSection
	GlobalSection(MonoDevelopProperties) = preSolution
		StartupItem = Assembly-CSharp.csproj
	EndGlobalSection
EndGlobal
